
Microsoft Visual Studio Solution File, Format Version 12.00
Project("{FAE04EC0-301F-11D3-BF4B-00C04F79EFBC}") = "IHateDotnet", "IHateDotnet\IHateDotnet.csproj", "{4903E6A5-7202-47B6-8674-AB43F595CE09}"
EndProject
Project("{FAE04EC0-301F-11D3-BF4B-00C04F79EFBC}") = "OrderStore.Core", "OrderStore.Core\OrderStore.Core.csproj", "{59F08550-36E1-4021-B689-70E5966C7534}"
EndProject
Project("{FAE04EC0-301F-11D3-BF4B-00C04F79EFBC}") = "OrderStore.DataAccess", "OrderStore.DataAccess\OrderStore.DataAccess.csproj", "{B70461F8-C9D1-4BDF-97B9-40B3A7528749}"
EndProject
Project("{FAE04EC0-301F-11D3-BF4B-00C04F79EFBC}") = "OrderStore.Application", "OrderStore.Application\OrderStore.Application.csproj", "{DA334916-5A2C-4C83-893F-094FD11AE125}"
EndProject
Project("{2150E333-8FDC-42A3-9474-1A3956D46DE8}") = "Solution Items", "Solution Items", "{E77B96BF-156B-4CF1-B474-B1CEC04CD172}"
	ProjectSection(SolutionItems) = preProject
		compose.yaml = compose.yaml
	EndProjectSection
EndProject
Project("{FAE04EC0-301F-11D3-BF4B-00C04F79EFBC}") = "UserStore.Core", "UserStore.Core\UserStore.Core.csproj", "{160EAEAD-B7D0-4504-B2BC-25CBCFB82A4E}"
EndProject
Project("{FAE04EC0-301F-11D3-BF4B-00C04F79EFBC}") = "UserStore.DataAccess", "UserStore.DataAccess\UserStore.DataAccess.csproj", "{D805332D-5C9A-46D4-BFF7-BA8094A6BC84}"
EndProject
Project("{FAE04EC0-301F-11D3-BF4B-00C04F79EFBC}") = "UserStore.Application", "UserStore.Application\UserStore.Application.csproj", "{5EA125E5-7B9C-436D-BFB1-50CE86E82596}"
EndProject
Project("{FAE04EC0-301F-11D3-BF4B-00C04F79EFBC}") = "UserStore.Contracts", "UserStore.Contracts\UserStore.Contracts.csproj", "{874FE186-5321-4362-8C5A-16B0FCA5A28C}"
EndProject
Global
	GlobalSection(SolutionConfigurationPlatforms) = preSolution
		Debug|Any CPU = Debug|Any CPU
		Release|Any CPU = Release|Any CPU
	EndGlobalSection
	GlobalSection(ProjectConfigurationPlatforms) = postSolution
		{4903E6A5-7202-47B6-8674-AB43F595CE09}.Debug|Any CPU.ActiveCfg = Debug|Any CPU
		{4903E6A5-7202-47B6-8674-AB43F595CE09}.Debug|Any CPU.Build.0 = Debug|Any CPU
		{4903E6A5-7202-47B6-8674-AB43F595CE09}.Release|Any CPU.ActiveCfg = Release|Any CPU
		{4903E6A5-7202-47B6-8674-AB43F595CE09}.Release|Any CPU.Build.0 = Release|Any CPU
		{59F08550-36E1-4021-B689-70E5966C7534}.Debug|Any CPU.ActiveCfg = Debug|Any CPU
		{59F08550-36E1-4021-B689-70E5966C7534}.Debug|Any CPU.Build.0 = Debug|Any CPU
		{59F08550-36E1-4021-B689-70E5966C7534}.Release|Any CPU.ActiveCfg = Release|Any CPU
		{59F08550-36E1-4021-B689-70E5966C7534}.Release|Any CPU.Build.0 = Release|Any CPU
		{B70461F8-C9D1-4BDF-97B9-40B3A7528749}.Debug|Any CPU.ActiveCfg = Debug|Any CPU
		{B70461F8-C9D1-4BDF-97B9-40B3A7528749}.Debug|Any CPU.Build.0 = Debug|Any CPU
		{B70461F8-C9D1-4BDF-97B9-40B3A7528749}.Release|Any CPU.ActiveCfg = Release|Any CPU
		{B70461F8-C9D1-4BDF-97B9-40B3A7528749}.Release|Any CPU.Build.0 = Release|Any CPU
		{DA334916-5A2C-4C83-893F-094FD11AE125}.Debug|Any CPU.ActiveCfg = Debug|Any CPU
		{DA334916-5A2C-4C83-893F-094FD11AE125}.Debug|Any CPU.Build.0 = Debug|Any CPU
		{DA334916-5A2C-4C83-893F-094FD11AE125}.Release|Any CPU.ActiveCfg = Release|Any CPU
		{DA334916-5A2C-4C83-893F-094FD11AE125}.Release|Any CPU.Build.0 = Release|Any CPU
		{160EAEAD-B7D0-4504-B2BC-25CBCFB82A4E}.Debug|Any CPU.ActiveCfg = Debug|Any CPU
		{160EAEAD-B7D0-4504-B2BC-25CBCFB82A4E}.Debug|Any CPU.Build.0 = Debug|Any CPU
		{160EAEAD-B7D0-4504-B2BC-25CBCFB82A4E}.Release|Any CPU.ActiveCfg = Release|Any CPU
		{160EAEAD-B7D0-4504-B2BC-25CBCFB82A4E}.Release|Any CPU.Build.0 = Release|Any CPU
		{D805332D-5C9A-46D4-BFF7-BA8094A6BC84}.Debug|Any CPU.ActiveCfg = Debug|Any CPU
		{D805332D-5C9A-46D4-BFF7-BA8094A6BC84}.Debug|Any CPU.Build.0 = Debug|Any CPU
		{D805332D-5C9A-46D4-BFF7-BA8094A6BC84}.Release|Any CPU.ActiveCfg = Release|Any CPU
		{D805332D-5C9A-46D4-BFF7-BA8094A6BC84}.Release|Any CPU.Build.0 = Release|Any CPU
		{5EA125E5-7B9C-436D-BFB1-50CE86E82596}.Debug|Any CPU.ActiveCfg = Debug|Any CPU
		{5EA125E5-7B9C-436D-BFB1-50CE86E82596}.Debug|Any CPU.Build.0 = Debug|Any CPU
		{5EA125E5-7B9C-436D-BFB1-50CE86E82596}.Release|Any CPU.ActiveCfg = Release|Any CPU
		{5EA125E5-7B9C-436D-BFB1-50CE86E82596}.Release|Any CPU.Build.0 = Release|Any CPU
		{874FE186-5321-4362-8C5A-16B0FCA5A28C}.Debug|Any CPU.ActiveCfg = Debug|Any CPU
		{874FE186-5321-4362-8C5A-16B0FCA5A28C}.Debug|Any CPU.Build.0 = Debug|Any CPU
		{874FE186-5321-4362-8C5A-16B0FCA5A28C}.Release|Any CPU.ActiveCfg = Release|Any CPU
		{874FE186-5321-4362-8C5A-16B0FCA5A28C}.Release|Any CPU.Build.0 = Release|Any CPU
	EndGlobalSection
EndGlobal
